
Microsoft Visual Studio Solution File, Format Version 12.00
# Visual Studio Version 17
VisualStudioVersion = 17.4.33205.214
MinimumVisualStudioVersion = 10.0.40219.1
Project("{FAE04EC0-301F-11D3-BF4B-00C04F79EFBC}") = "Practic2(4)_in_WPF", "Practic2(4)_in_WPF\Practic2(4)_in_WPF.csproj", "{F54A00E2-B13A-49AE-96E1-45541A73F853}"
EndProject
Global
	GlobalSection(SolutionConfigurationPlatforms) = preSolution
		Debug|Any CPU = Debug|Any CPU
		Release|Any CPU = Release|Any CPU
	EndGlobalSection
	GlobalSection(ProjectConfigurationPlatforms) = postSolution
		{F54A00E2-B13A-49AE-96E1-45541A73F853}.Debug|Any CPU.ActiveCfg = Debug|Any CPU
		{F54A00E2-B13A-49AE-96E1-45541A73F853}.Debug|Any CPU.Build.0 = Debug|Any CPU
		{F54A00E2-B13A-49AE-96E1-45541A73F853}.Release|Any CPU.ActiveCfg = Release|Any CPU
		{F54A00E2-B13A-49AE-96E1-45541A73F853}.Release|Any CPU.Build.0 = Release|Any CPU
	EndGlobalSection
	GlobalSection(SolutionProperties) = preSolution
		HideSolutionNode = FALSE
	EndGlobalSection
	GlobalSection(ExtensibilityGlobals) = postSolution
		SolutionGuid = {966891D2-426E-46D5-9D76-26CA0DC981D2}
	EndGlobalSection
EndGlobal
